
Microsoft Visual Studio Solution File, Format Version 12.00
# Visual Studio Version 17
VisualStudioVersion = 17.9.34728.123
MinimumVisualStudioVersion = 10.0.40219.1
Project("{FAE04EC0-301F-11D3-BF4B-00C04F79EFBC}") = "trainigfuncscale56FA", "trainigfuncscale56FA.csproj", "{A7F58A3D-736E-4B81-9D38-748551A34983}"
EndProject
Global
	GlobalSection(SolutionConfigurationPlatforms) = preSolution
		Debug|Any CPU = Debug|Any CPU
		Release|Any CPU = Release|Any CPU
	EndGlobalSection
	GlobalSection(ProjectConfigurationPlatforms) = postSolution
		{A7F58A3D-736E-4B81-9D38-748551A34983}.Debug|Any CPU.ActiveCfg = Debug|Any CPU
		{A7F58A3D-736E-4B81-9D38-748551A34983}.Debug|Any CPU.Build.0 = Debug|Any CPU
		{A7F58A3D-736E-4B81-9D38-748551A34983}.Release|Any CPU.ActiveCfg = Release|Any CPU
		{A7F58A3D-736E-4B81-9D38-748551A34983}.Release|Any CPU.Build.0 = Release|Any CPU
	EndGlobalSection
	GlobalSection(SolutionProperties) = preSolution
		HideSolutionNode = FALSE
	EndGlobalSection
	GlobalSection(ExtensibilityGlobals) = postSolution
		SolutionGuid = {6E4F8A0B-6F1B-4A0B-B029-D5B10C04FC8F}
	EndGlobalSection
EndGlobal
